
Microsoft Visual Studio Solution File, Format Version 12.00
# Visual Studio Version 17
VisualStudioVersion = 17.8.34525.116
MinimumVisualStudioVersion = 10.0.40219.1
Project("{FAE04EC0-301F-11D3-BF4B-00C04F79EFBC}") = "InventarioFacturacion", "InventarioFacturacion\InventarioFacturacion.csproj", "{C031852C-E5B9-4C4E-B805-3CA61F3FDF8F}"
EndProject
Global
	GlobalSection(SolutionConfigurationPlatforms) = preSolution
		Debug|Any CPU = Debug|Any CPU
		Release|Any CPU = Release|Any CPU
	EndGlobalSection
	GlobalSection(ProjectConfigurationPlatforms) = postSolution
		{C031852C-E5B9-4C4E-B805-3CA61F3FDF8F}.Debug|Any CPU.ActiveCfg = Debug|Any CPU
		{C031852C-E5B9-4C4E-B805-3CA61F3FDF8F}.Debug|Any CPU.Build.0 = Debug|Any CPU
		{C031852C-E5B9-4C4E-B805-3CA61F3FDF8F}.Release|Any CPU.ActiveCfg = Release|Any CPU
		{C031852C-E5B9-4C4E-B805-3CA61F3FDF8F}.Release|Any CPU.Build.0 = Release|Any CPU
	EndGlobalSection
	GlobalSection(SolutionProperties) = preSolution
		HideSolutionNode = FALSE
	EndGlobalSection
	GlobalSection(ExtensibilityGlobals) = postSolution
		SolutionGuid = {BD48FFD4-6776-46DE-8A77-85D747029524}
	EndGlobalSection
EndGlobal
